// !$*UTF8*$!
{
	archiveVersion = 1;
	classes = {
	};
	objectVersion = 56;
	objects = {

/* Begin PBXBuildFile section */
		8717DEDE2B2851D5006A75F4 /* ExpenseTrekApp.swift in Sources */ = {isa = PBXBuildFile; fileRef = 8717DEDD2B2851D5006A75F4 /* ExpenseTrekApp.swift */; };
		8717DEE02B2851D5006A75F4 /* ContentView.swift in Sources */ = {isa = PBXBuildFile; fileRef = 8717DEDF2B2851D5006A75F4 /* ContentView.swift */; };
		8717DEE22B2851DB006A75F4 /* Assets.xcassets in Resources */ = {isa = PBXBuildFile; fileRef = 8717DEE12B2851DB006A75F4 /* Assets.xcassets */; };
		8717DEE52B2851DB006A75F4 /* Preview Assets.xcassets in Resources */ = {isa = PBXBuildFile; fileRef = 8717DEE42B2851DB006A75F4 /* Preview Assets.xcassets */; };
		8717DEF02B285378006A75F4 /* IntroScreen.swift in Sources */ = {isa = PBXBuildFile; fileRef = 8717DEEF2B285378006A75F4 /* IntroScreen.swift */; };
		8717DEF32B28563E006A75F4 /* Constants.swift in Sources */ = {isa = PBXBuildFile; fileRef = 8717DEF22B28563E006A75F4 /* Constants.swift */; };
		8717DEF52B285D0D006A75F4 /* Tab.swift in Sources */ = {isa = PBXBuildFile; fileRef = 8717DEF42B285D0D006A75F4 /* Tab.swift */; };
		8717DEF72B286296006A75F4 /* Category.swift in Sources */ = {isa = PBXBuildFile; fileRef = 8717DEF62B286296006A75F4 /* Category.swift */; };
		8717DEF92B2862E6006A75F4 /* Transaction.swift in Sources */ = {isa = PBXBuildFile; fileRef = 8717DEF82B2862E6006A75F4 /* Transaction.swift */; };
		8717DEFB2B2863A2006A75F4 /* TintColor.swift in Sources */ = {isa = PBXBuildFile; fileRef = 8717DEFA2B2863A2006A75F4 /* TintColor.swift */; };
		8717DEFE2B2864E5006A75F4 /* Recents.swift in Sources */ = {isa = PBXBuildFile; fileRef = 8717DEFD2B2864E5006A75F4 /* Recents.swift */; };
		8717DF002B2864F8006A75F4 /* Search.swift in Sources */ = {isa = PBXBuildFile; fileRef = 8717DEFF2B2864F8006A75F4 /* Search.swift */; };
		8717DF022B28650D006A75F4 /* Graphs.swift in Sources */ = {isa = PBXBuildFile; fileRef = 8717DF012B28650D006A75F4 /* Graphs.swift */; };
		8717DF042B28651F006A75F4 /* Settings.swift in Sources */ = {isa = PBXBuildFile; fileRef = 8717DF032B28651F006A75F4 /* Settings.swift */; };
		8717DF062B28676A006A75F4 /* View+Extensions.swift in Sources */ = {isa = PBXBuildFile; fileRef = 8717DF052B28676A006A75F4 /* View+Extensions.swift */; };
		8717DF082B289953006A75F4 /* Date+Extensions.swift in Sources */ = {isa = PBXBuildFile; fileRef = 8717DF072B289953006A75F4 /* Date+Extensions.swift */; };
		8717DF0B2B289DFD006A75F4 /* CardView.swift in Sources */ = {isa = PBXBuildFile; fileRef = 8717DF0A2B289DFD006A75F4 /* CardView.swift */; };
		8717DF0E2B29B0CD006A75F4 /* TransactionCardView.swift in Sources */ = {isa = PBXBuildFile; fileRef = 8717DF0D2B29B0CD006A75F4 /* TransactionCardView.swift */; };
		8717DF102B29B8C3006A75F4 /* SwipeAction.swift in Sources */ = {isa = PBXBuildFile; fileRef = 8717DF0F2B29B8C3006A75F4 /* SwipeAction.swift */; };
		875EA0622B2AE332002D296A /* DateFilterView.swift in Sources */ = {isa = PBXBuildFile; fileRef = 875EA0612B2AE332002D296A /* DateFilterView.swift */; };
		87FB4A9D2B2C5468004D545F /* LockView.swift in Sources */ = {isa = PBXBuildFile; fileRef = 87FB4A9C2B2C5468004D545F /* LockView.swift */; };
/* End PBXBuildFile section */

/* Begin PBXFileReference section */
		8717DEDA2B2851D5006A75F4 /* ExpenseTrek.app */ = {isa = PBXFileReference; explicitFileType = wrapper.application; includeInIndex = 0; path = ExpenseTrek.app; sourceTree = BUILT_PRODUCTS_DIR; };
		8717DEDD2B2851D5006A75F4 /* ExpenseTrekApp.swift */ = {isa = PBXFileReference; lastKnownFileType = sourcecode.swift; path = ExpenseTrekApp.swift; sourceTree = "<group>"; };
		8717DEDF2B2851D5006A75F4 /* ContentView.swift */ = {isa = PBXFileReference; lastKnownFileType = sourcecode.swift; path = ContentView.swift; sourceTree = "<group>"; };
		8717DEE12B2851DB006A75F4 /* Assets.xcassets */ = {isa = PBXFileReference; lastKnownFileType = folder.assetcatalog; path = Assets.xcassets; sourceTree = "<group>"; };
		8717DEE42B2851DB006A75F4 /* Preview Assets.xcassets */ = {isa = PBXFileReference; lastKnownFileType = folder.assetcatalog; path = "Preview Assets.xcassets"; sourceTree = "<group>"; };
		8717DEEF2B285378006A75F4 /* IntroScreen.swift */ = {isa = PBXFileReference; lastKnownFileType = sourcecode.swift; path = IntroScreen.swift; sourceTree = "<group>"; };
		8717DEF22B28563E006A75F4 /* Constants.swift */ = {isa = PBXFileReference; lastKnownFileType = sourcecode.swift; path = Constants.swift; sourceTree = "<group>"; };
		8717DEF42B285D0D006A75F4 /* Tab.swift */ = {isa = PBXFileReference; lastKnownFileType = sourcecode.swift; path = Tab.swift; sourceTree = "<group>"; };
		8717DEF62B286296006A75F4 /* Category.swift */ = {isa = PBXFileReference; lastKnownFileType = sourcecode.swift; path = Category.swift; sourceTree = "<group>"; };
		8717DEF82B2862E6006A75F4 /* Transaction.swift */ = {isa = PBXFileReference; lastKnownFileType = sourcecode.swift; path = Transaction.swift; sourceTree = "<group>"; };
		8717DEFA2B2863A2006A75F4 /* TintColor.swift */ = {isa = PBXFileReference; lastKnownFileType = sourcecode.swift; path = TintColor.swift; sourceTree = "<group>"; };
		8717DEFD2B2864E5006A75F4 /* Recents.swift */ = {isa = PBXFileReference; lastKnownFileType = sourcecode.swift; path = Recents.swift; sourceTree = "<group>"; };
		8717DEFF2B2864F8006A75F4 /* Search.swift */ = {isa = PBXFileReference; lastKnownFileType = sourcecode.swift; path = Search.swift; sourceTree = "<group>"; };
		8717DF012B28650D006A75F4 /* Graphs.swift */ = {isa = PBXFileReference; lastKnownFileType = sourcecode.swift; path = Graphs.swift; sourceTree = "<group>"; };
		8717DF032B28651F006A75F4 /* Settings.swift */ = {isa = PBXFileReference; lastKnownFileType = sourcecode.swift; path = Settings.swift; sourceTree = "<group>"; };
		8717DF052B28676A006A75F4 /* View+Extensions.swift */ = {isa = PBXFileReference; lastKnownFileType = sourcecode.swift; path = "View+Extensions.swift"; sourceTree = "<group>"; };
		8717DF072B289953006A75F4 /* Date+Extensions.swift */ = {isa = PBXFileReference; lastKnownFileType = sourcecode.swift; path = "Date+Extensions.swift"; sourceTree = "<group>"; };
		8717DF0A2B289DFD006A75F4 /* CardView.swift */ = {isa = PBXFileReference; lastKnownFileType = sourcecode.swift; path = CardView.swift; sourceTree = "<group>"; };
		8717DF0C2B28A1F5006A75F4 /* README.md */ = {isa = PBXFileReference; lastKnownFileType = net.daringfireball.markdown; path = README.md; sourceTree = "<group>"; };
		8717DF0D2B29B0CD006A75F4 /* TransactionCardView.swift */ = {isa = PBXFileReference; lastKnownFileType = sourcecode.swift; path = TransactionCardView.swift; sourceTree = "<group>"; };
		8717DF0F2B29B8C3006A75F4 /* SwipeAction.swift */ = {isa = PBXFileReference; lastKnownFileType = sourcecode.swift; path = SwipeAction.swift; sourceTree = "<group>"; };
		875EA0612B2AE332002D296A /* DateFilterView.swift */ = {isa = PBXFileReference; lastKnownFileType = sourcecode.swift; path = DateFilterView.swift; sourceTree = "<group>"; };
		87FB4A9C2B2C5468004D545F /* LockView.swift */ = {isa = PBXFileReference; lastKnownFileType = sourcecode.swift; path = LockView.swift; sourceTree = "<group>"; };
/* End PBXFileReference section */

/* Begin PBXFrameworksBuildPhase section */
		8717DED72B2851D5006A75F4 /* Frameworks */ = {
			isa = PBXFrameworksBuildPhase;
			buildActionMask = 2147483647;
			files = (
			);
			runOnlyForDeploymentPostprocessing = 0;
		};
/* End PBXFrameworksBuildPhase section */

/* Begin PBXGroup section */
		8717DED12B2851D5006A75F4 = {
			isa = PBXGroup;
			children = (
				8717DEDC2B2851D5006A75F4 /* ExpenseTrek */,
				8717DEDB2B2851D5006A75F4 /* Products */,
			);
			sourceTree = "<group>";
		};
		8717DEDB2B2851D5006A75F4 /* Products */ = {
			isa = PBXGroup;
			children = (
				8717DEDA2B2851D5006A75F4 /* ExpenseTrek.app */,
			);
			name = Products;
			sourceTree = "<group>";
		};
		8717DEDC2B2851D5006A75F4 /* ExpenseTrek */ = {
			isa = PBXGroup;
			children = (
				8717DEDD2B2851D5006A75F4 /* ExpenseTrekApp.swift */,
				8717DEF12B2854BE006A75F4 /* Helpers */,
				8717DEDF2B2851D5006A75F4 /* ContentView.swift */,
				8717DEEC2B285288006A75F4 /* Model */,
				8717DEEB2B28525F006A75F4 /* View */,
				8717DEE12B2851DB006A75F4 /* Assets.xcassets */,
				8717DEE32B2851DB006A75F4 /* Preview Content */,
				8717DF0C2B28A1F5006A75F4 /* README.md */,
			);
			path = ExpenseTrek;
			sourceTree = "<group>";
		};
		8717DEE32B2851DB006A75F4 /* Preview Content */ = {
			isa = PBXGroup;
			children = (
				8717DEE42B2851DB006A75F4 /* Preview Assets.xcassets */,
			);
			path = "Preview Content";
			sourceTree = "<group>";
		};
		8717DEEB2B28525F006A75F4 /* View */ = {
			isa = PBXGroup;
			children = (
				8717DF092B289DE7006A75F4 /* Helpers */,
				8717DEEF2B285378006A75F4 /* IntroScreen.swift */,
				8717DEFC2B2864C4006A75F4 /* TabViews */,
			);
			path = View;
			sourceTree = "<group>";
		};
		8717DEEC2B285288006A75F4 /* Model */ = {
			isa = PBXGroup;
			children = (
				8717DEF42B285D0D006A75F4 /* Tab.swift */,
				8717DEF62B286296006A75F4 /* Category.swift */,
				8717DEF82B2862E6006A75F4 /* Transaction.swift */,
				8717DEFA2B2863A2006A75F4 /* TintColor.swift */,
			);
			path = Model;
			sourceTree = "<group>";
		};
		8717DEF12B2854BE006A75F4 /* Helpers */ = {
			isa = PBXGroup;
			children = (
				8717DEF22B28563E006A75F4 /* Constants.swift */,
				8717DF052B28676A006A75F4 /* View+Extensions.swift */,
				8717DF072B289953006A75F4 /* Date+Extensions.swift */,
			);
			path = Helpers;
			sourceTree = "<group>";
		};
		8717DEFC2B2864C4006A75F4 /* TabViews */ = {
			isa = PBXGroup;
			children = (
				8717DEFD2B2864E5006A75F4 /* Recents.swift */,
				8717DEFF2B2864F8006A75F4 /* Search.swift */,
				8717DF012B28650D006A75F4 /* Graphs.swift */,
				8717DF032B28651F006A75F4 /* Settings.swift */,
			);
			path = TabViews;
			sourceTree = "<group>";
		};
		8717DF092B289DE7006A75F4 /* Helpers */ = {
			isa = PBXGroup;
			children = (
				8717DF0A2B289DFD006A75F4 /* CardView.swift */,
				8717DF0D2B29B0CD006A75F4 /* TransactionCardView.swift */,
				8717DF0F2B29B8C3006A75F4 /* SwipeAction.swift */,
				875EA0612B2AE332002D296A /* DateFilterView.swift */,
				87FB4A9C2B2C5468004D545F /* LockView.swift */,
			);
			path = Helpers;
			sourceTree = "<group>";
		};
/* End PBXGroup section */

/* Begin PBXNativeTarget section */
		8717DED92B2851D5006A75F4 /* ExpenseTrek */ = {
			isa = PBXNativeTarget;
			buildConfigurationList = 8717DEE82B2851DB006A75F4 /* Build configuration list for PBXNativeTarget "ExpenseTrek" */;
			buildPhases = (
				8717DED62B2851D5006A75F4 /* Sources */,
				8717DED72B2851D5006A75F4 /* Frameworks */,
				8717DED82B2851D5006A75F4 /* Resources */,
			);
			buildRules = (
			);
			dependencies = (
			);
			name = ExpenseTrek;
			productName = ExpenseTrek;
			productReference = 8717DEDA2B2851D5006A75F4 /* ExpenseTrek.app */;
			productType = "com.apple.product-type.application";
		};
/* End PBXNativeTarget section */

/* Begin PBXProject section */
		8717DED22B2851D5006A75F4 /* Project object */ = {
			isa = PBXProject;
			attributes = {
				BuildIndependentTargetsInParallel = 1;
				LastSwiftUpdateCheck = 1500;
				LastUpgradeCheck = 1500;
				TargetAttributes = {
					8717DED92B2851D5006A75F4 = {
						CreatedOnToolsVersion = 15.0.1;
					};
				};
			};
			buildConfigurationList = 8717DED52B2851D5006A75F4 /* Build configuration list for PBXProject "ExpenseTrek" */;
			compatibilityVersion = "Xcode 14.0";
			developmentRegion = en;
			hasScannedForEncodings = 0;
			knownRegions = (
				en,
				Base,
			);
			mainGroup = 8717DED12B2851D5006A75F4;
			productRefGroup = 8717DEDB2B2851D5006A75F4 /* Products */;
			projectDirPath = "";
			projectRoot = "";
			targets = (
				8717DED92B2851D5006A75F4 /* ExpenseTrek */,
			);
		};
/* End PBXProject section */

/* Begin PBXResourcesBuildPhase section */
		8717DED82B2851D5006A75F4 /* Resources */ = {
			isa = PBXResourcesBuildPhase;
			buildActionMask = 2147483647;
			files = (
				8717DEE52B2851DB006A75F4 /* Preview Assets.xcassets in Resources */,
				8717DEE22B2851DB006A75F4 /* Assets.xcassets in Resources */,
			);
			runOnlyForDeploymentPostprocessing = 0;
		};
/* End PBXResourcesBuildPhase section */

/* Begin PBXSourcesBuildPhase section */
		8717DED62B2851D5006A75F4 /* Sources */ = {
			isa = PBXSourcesBuildPhase;
			buildActionMask = 2147483647;
			files = (
				8717DEFB2B2863A2006A75F4 /* TintColor.swift in Sources */,
				8717DEFE2B2864E5006A75F4 /* Recents.swift in Sources */,
				875EA0622B2AE332002D296A /* DateFilterView.swift in Sources */,
				8717DEF92B2862E6006A75F4 /* Transaction.swift in Sources */,
				8717DEE02B2851D5006A75F4 /* ContentView.swift in Sources */,
				8717DF0B2B289DFD006A75F4 /* CardView.swift in Sources */,
				8717DF102B29B8C3006A75F4 /* SwipeAction.swift in Sources */,
				8717DEF02B285378006A75F4 /* IntroScreen.swift in Sources */,
				8717DEF52B285D0D006A75F4 /* Tab.swift in Sources */,
				8717DF042B28651F006A75F4 /* Settings.swift in Sources */,
				8717DEDE2B2851D5006A75F4 /* ExpenseTrekApp.swift in Sources */,
				8717DF002B2864F8006A75F4 /* Search.swift in Sources */,
				8717DF082B289953006A75F4 /* Date+Extensions.swift in Sources */,
				8717DF062B28676A006A75F4 /* View+Extensions.swift in Sources */,
				87FB4A9D2B2C5468004D545F /* LockView.swift in Sources */,
				8717DEF32B28563E006A75F4 /* Constants.swift in Sources */,
				8717DF022B28650D006A75F4 /* Graphs.swift in Sources */,
				8717DEF72B286296006A75F4 /* Category.swift in Sources */,
				8717DF0E2B29B0CD006A75F4 /* TransactionCardView.swift in Sources */,
			);
			runOnlyForDeploymentPostprocessing = 0;
		};
/* End PBXSourcesBuildPhase section */

/* Begin XCBuildConfiguration section */
		8717DEE62B2851DB006A75F4 /* Debug */ = {
			isa = XCBuildConfiguration;
			buildSettings = {
				ALWAYS_SEARCH_USER_PATHS = NO;
				ASSETCATALOG_COMPILER_GENERATE_SWIFT_ASSET_SYMBOL_EXTENSIONS = YES;
				CLANG_ANALYZER_NONNULL = YES;
				CLANG_ANALYZER_NUMBER_OBJECT_CONVERSION = YES_AGGRESSIVE;
				CLANG_CXX_LANGUAGE_STANDARD = "gnu++20";
				CLANG_ENABLE_MODULES = YES;
				CLANG_ENABLE_OBJC_ARC = YES;
				CLANG_ENABLE_OBJC_WEAK = YES;
				CLANG_WARN_BLOCK_CAPTURE_AUTORELEASING = YES;
				CLANG_WARN_BOOL_CONVERSION = YES;
				CLANG_WARN_COMMA = YES;
				CLANG_WARN_CONSTANT_CONVERSION = YES;
				CLANG_WARN_DEPRECATED_OBJC_IMPLEMENTATIONS = YES;
				CLANG_WARN_DIRECT_OBJC_ISA_USAGE = YES_ERROR;
				CLANG_WARN_DOCUMENTATION_COMMENTS = YES;
				CLANG_WARN_EMPTY_BODY = YES;
				CLANG_WARN_ENUM_CONVERSION = YES;
				CLANG_WARN_INFINITE_RECURSION = YES;
				CLANG_WARN_INT_CONVERSION = YES;
				CLANG_WARN_NON_LITERAL_NULL_CONVERSION = YES;
				CLANG_WARN_OBJC_IMPLICIT_RETAIN_SELF = YES;
				CLANG_WARN_OBJC_LITERAL_CONVERSION = YES;
				CLANG_WARN_OBJC_ROOT_CLASS = YES_ERROR;
				CLANG_WARN_QUOTED_INCLUDE_IN_FRAMEWORK_HEADER = YES;
				CLANG_WARN_RANGE_LOOP_ANALYSIS = YES;
				CLANG_WARN_STRICT_PROTOTYPES = YES;
				CLANG_WARN_SUSPICIOUS_MOVE = YES;
				CLANG_WARN_UNGUARDED_AVAILABILITY = YES_AGGRESSIVE;
				CLANG_WARN_UNREACHABLE_CODE = YES;
				CLANG_WARN__DUPLICATE_METHOD_MATCH = YES;
				COPY_PHASE_STRIP = NO;
				DEBUG_INFORMATION_FORMAT = dwarf;
				ENABLE_STRICT_OBJC_MSGSEND = YES;
				ENABLE_TESTABILITY = YES;
				ENABLE_USER_SCRIPT_SANDBOXING = YES;
				GCC_C_LANGUAGE_STANDARD = gnu17;
				GCC_DYNAMIC_NO_PIC = NO;
				GCC_NO_COMMON_BLOCKS = YES;
				GCC_OPTIMIZATION_LEVEL = 0;
				GCC_PREPROCESSOR_DEFINITIONS = (
					"DEBUG=1",
					"$(inherited)",
				);
				GCC_WARN_64_TO_32_BIT_CONVERSION = YES;
				GCC_WARN_ABOUT_RETURN_TYPE = YES_ERROR;
				GCC_WARN_UNDECLARED_SELECTOR = YES;
				GCC_WARN_UNINITIALIZED_AUTOS = YES_AGGRESSIVE;
				GCC_WARN_UNUSED_FUNCTION = YES;
				GCC_WARN_UNUSED_VARIABLE = YES;
				IPHONEOS_DEPLOYMENT_TARGET = 17.0;
				LOCALIZATION_PREFERS_STRING_CATALOGS = YES;
				MTL_ENABLE_DEBUG_INFO = INCLUDE_SOURCE;
				MTL_FAST_MATH = YES;
				ONLY_ACTIVE_ARCH = YES;
				SDKROOT = iphoneos;
				SWIFT_ACTIVE_COMPILATION_CONDITIONS = "DEBUG $(inherited)";
				SWIFT_OPTIMIZATION_LEVEL = "-Onone";
			};
			name = Debug;
		};
		8717DEE72B2851DB006A75F4 /* Release */ = {
			isa = XCBuildConfiguration;
			buildSettings = {
				ALWAYS_SEARCH_USER_PATHS = NO;
				ASSETCATALOG_COMPILER_GENERATE_SWIFT_ASSET_SYMBOL_EXTENSIONS = YES;
				CLANG_ANALYZER_NONNULL = YES;
				CLANG_ANALYZER_NUMBER_OBJECT_CONVERSION = YES_AGGRESSIVE;
				CLANG_CXX_LANGUAGE_STANDARD = "gnu++20";
				CLANG_ENABLE_MODULES = YES;
				CLANG_ENABLE_OBJC_ARC = YES;
				CLANG_ENABLE_OBJC_WEAK = YES;
				CLANG_WARN_BLOCK_CAPTURE_AUTORELEASING = YES;
				CLANG_WARN_BOOL_CONVERSION = YES;
				CLANG_WARN_COMMA = YES;
				CLANG_WARN_CONSTANT_CONVERSION = YES;
				CLANG_WARN_DEPRECATED_OBJC_IMPLEMENTATIONS = YES;
				CLANG_WARN_DIRECT_OBJC_ISA_USAGE = YES_ERROR;
				CLANG_WARN_DOCUMENTATION_COMMENTS = YES;
				CLANG_WARN_EMPTY_BODY = YES;
				CLANG_WARN_ENUM_CONVERSION = YES;
				CLANG_WARN_INFINITE_RECURSION = YES;
				CLANG_WARN_INT_CONVERSION = YES;
				CLANG_WARN_NON_LITERAL_NULL_CONVERSION = YES;
				CLANG_WARN_OBJC_IMPLICIT_RETAIN_SELF = YES;
				CLANG_WARN_OBJC_LITERAL_CONVERSION = YES;
				CLANG_WARN_OBJC_ROOT_CLASS = YES_ERROR;
				CLANG_WARN_QUOTED_INCLUDE_IN_FRAMEWORK_HEADER = YES;
				CLANG_WARN_RANGE_LOOP_ANALYSIS = YES;
				CLANG_WARN_STRICT_PROTOTYPES = YES;
				CLANG_WARN_SUSPICIOUS_MOVE = YES;
				CLANG_WARN_UNGUARDED_AVAILABILITY = YES_AGGRESSIVE;
				CLANG_WARN_UNREACHABLE_CODE = YES;
				CLANG_WARN__DUPLICATE_METHOD_MATCH = YES;
				COPY_PHASE_STRIP = NO;
				DEBUG_INFORMATION_FORMAT = "dwarf-with-dsym";
				ENABLE_NS_ASSERTIONS = NO;
				ENABLE_STRICT_OBJC_MSGSEND = YES;
				ENABLE_USER_SCRIPT_SANDBOXING = YES;
				GCC_C_LANGUAGE_STANDARD = gnu17;
				GCC_NO_COMMON_BLOCKS = YES;
				GCC_WARN_64_TO_32_BIT_CONVERSION = YES;
				GCC_WARN_ABOUT_RETURN_TYPE = YES_ERROR;
				GCC_WARN_UNDECLARED_SELECTOR = YES;
				GCC_WARN_UNINITIALIZED_AUTOS = YES_AGGRESSIVE;
				GCC_WARN_UNUSED_FUNCTION = YES;
				GCC_WARN_UNUSED_VARIABLE = YES;
				IPHONEOS_DEPLOYMENT_TARGET = 17.0;
				LOCALIZATION_PREFERS_STRING_CATALOGS = YES;
				MTL_ENABLE_DEBUG_INFO = NO;
				MTL_FAST_MATH = YES;
				SDKROOT = iphoneos;
				SWIFT_COMPILATION_MODE = wholemodule;
				VALIDATE_PRODUCT = YES;
			};
			name = Release;
		};
		8717DEE92B2851DB006A75F4 /* Debug */ = {
			isa = XCBuildConfiguration;
			buildSettings = {
				ASSETCATALOG_COMPILER_APPICON_NAME = AppIcon;
				ASSETCATALOG_COMPILER_GLOBAL_ACCENT_COLOR_NAME = AccentColor;
				CODE_SIGN_STYLE = Automatic;
				CURRENT_PROJECT_VERSION = 1;
				DEVELOPMENT_ASSET_PATHS = "\"ExpenseTrek/Preview Content\"";
				DEVELOPMENT_TEAM = 583MU3G3UH;
				ENABLE_PREVIEWS = YES;
				GENERATE_INFOPLIST_FILE = YES;
				INFOPLIST_KEY_NSFaceIDUsageDescription = 6.0;
				INFOPLIST_KEY_UIApplicationSceneManifest_Generation = YES;
				INFOPLIST_KEY_UIApplicationSupportsIndirectInputEvents = YES;
				INFOPLIST_KEY_UILaunchScreen_Generation = YES;
				INFOPLIST_KEY_UISupportedInterfaceOrientations_iPad = "UIInterfaceOrientationPortrait UIInterfaceOrientationPortraitUpsideDown UIInterfaceOrientationLandscapeLeft UIInterfaceOrientationLandscapeRight";
				INFOPLIST_KEY_UISupportedInterfaceOrientations_iPhone = "UIInterfaceOrientationPortrait UIInterfaceOrientationLandscapeLeft UIInterfaceOrientationLandscapeRight";
				LD_RUNPATH_SEARCH_PATHS = (
					"$(inherited)",
					"@executable_path/Frameworks",
				);
				MARKETING_VERSION = 1.0;
				PRODUCT_BUNDLE_IDENTIFIER = testw.ExpenseTrek;
				PRODUCT_NAME = "$(TARGET_NAME)";
				SWIFT_EMIT_LOC_STRINGS = YES;
				SWIFT_VERSION = 5.0;
				TARGETED_DEVICE_FAMILY = "1,2";
			};
			name = Debug;
		};
		8717DEEA2B2851DB006A75F4 /* Release */ = {
			isa = XCBuildConfiguration;
			buildSettings = {
				ASSETCATALOG_COMPILER_APPICON_NAME = AppIcon;
				ASSETCATALOG_COMPILER_GLOBAL_ACCENT_COLOR_NAME = AccentColor;
				CODE_SIGN_STYLE = Automatic;
				CURRENT_PROJECT_VERSION = 1;
				DEVELOPMENT_ASSET_PATHS = "\"ExpenseTrek/Preview Content\"";
				DEVELOPMENT_TEAM = 583MU3G3UH;
				ENABLE_PREVIEWS = YES;
				GENERATE_INFOPLIST_FILE = YES;
				INFOPLIST_KEY_NSFaceIDUsageDescription = 6.0;
				INFOPLIST_KEY_UIApplicationSceneManifest_Generation = YES;
				INFOPLIST_KEY_UIApplicationSupportsIndirectInputEvents = YES;
				INFOPLIST_KEY_UILaunchScreen_Generation = YES;
				INFOPLIST_KEY_UISupportedInterfaceOrientations_iPad = "UIInterfaceOrientationPortrait UIInterfaceOrientationPortraitUpsideDown UIInterfaceOrientationLandscapeLeft UIInterfaceOrientationLandscapeRight";
				INFOPLIST_KEY_UISupportedInterfaceOrientations_iPhone = "UIInterfaceOrientationPortrait UIInterfaceOrientationLandscapeLeft UIInterfaceOrientationLandscapeRight";
				LD_RUNPATH_SEARCH_PATHS = (
					"$(inherited)",
					"@executable_path/Frameworks",
				);
				MARKETING_VERSION = 1.0;
				PRODUCT_BUNDLE_IDENTIFIER = testw.ExpenseTrek;
				PRODUCT_NAME = "$(TARGET_NAME)";
				SWIFT_EMIT_LOC_STRINGS = YES;
				SWIFT_VERSION = 5.0;
				TARGETED_DEVICE_FAMILY = "1,2";
			};
			name = Release;
		};
/* End XCBuildConfiguration section */

/* Begin XCConfigurationList section */
		8717DED52B2851D5006A75F4 /* Build configuration list for PBXProject "ExpenseTrek" */ = {
			isa = XCConfigurationList;
			buildConfigurations = (
				8717DEE62B2851DB006A75F4 /* Debug */,
				8717DEE72B2851DB006A75F4 /* Release */,
			);
			defaultConfigurationIsVisible = 0;
			defaultConfigurationName = Release;
		};
		8717DEE82B2851DB006A75F4 /* Build configuration list for PBXNativeTarget "ExpenseTrek" */ = {
			isa = XCConfigurationList;
			buildConfigurations = (
				8717DEE92B2851DB006A75F4 /* Debug */,
				8717DEEA2B2851DB006A75F4 /* Release */,
			);
			defaultConfigurationIsVisible = 0;
			defaultConfigurationName = Release;
		};
/* End XCConfigurationList section */
	};
	rootObject = 8717DED22B2851D5006A75F4 /* Project object */;
}
